Microsoft Visual Studio Solution File, Format Version 11.00
# Visual Studio 2010
Project("{09924D45-4EAE-4DF4-8A3E-48963B2ACBB8}") = "sift", "sift.visualdproj", "{5C4B77E0-C9C0-4CDC-B05C-90FEE9F820ED}"
	ProjectSection(ProjectDependencies) = postProject
		{9FFE9F62-C3E7-4B3F-9938-E43C5B6FF207} = {9FFE9F62-C3E7-4B3F-9938-E43C5B6FF207}
		{006C31B7-FC4A-4271-AE67-ACC26E2F0C9C} = {006C31B7-FC4A-4271-AE67-ACC26E2F0C9C}
	EndProjectSection
EndProject
Project("{09924D45-4EAE-4DF4-8A3E-48963B2ACBB8}") = "colorize", "colorize.visualdproj", "{9FFE9F62-C3E7-4B3F-9938-E43C5B6FF207}"
EndProject
Project("{09924D45-4EAE-4DF4-8A3E-48963B2ACBB8}") = "docopt", "docopt.visualdproj", "{006C31B7-FC4A-4271-AE67-ACC26E2F0C9C}"
EndProject
Global
	GlobalSection(SolutionConfigurationPlatforms) = preSolution
		debug|Win32 = debug|Win32
	EndGlobalSection
	GlobalSection(ProjectConfigurationPlatforms) = postSolution
		{5C4B77E0-C9C0-4CDC-B05C-90FEE9F820ED}.debug|Win32.ActiveCfg = debug|Win32
		{5C4B77E0-C9C0-4CDC-B05C-90FEE9F820ED}.debug|Win32.Build.0 = debug|Win32
		{9FFE9F62-C3E7-4B3F-9938-E43C5B6FF207}.debug|Win32.ActiveCfg = debug|Win32
		{9FFE9F62-C3E7-4B3F-9938-E43C5B6FF207}.debug|Win32.Build.0 = debug|Win32
		{006C31B7-FC4A-4271-AE67-ACC26E2F0C9C}.debug|Win32.ActiveCfg = debug|Win32
		{006C31B7-FC4A-4271-AE67-ACC26E2F0C9C}.debug|Win32.Build.0 = debug|Win32
	EndGlobalSection
	GlobalSection(SolutionProperties) = preSolution
		HideSolutionNode = FALSE
	EndGlobalSection
EndGlobal
